
Microsoft Visual Studio Solution File, Format Version 12.00
# Visual Studio 14
VisualStudioVersion = 14.0.25420.1
MinimumVisualStudioVersion = 10.0.40219.1
Project("{FAE04EC0-301F-11D3-BF4B-00C04F79EFBC}") = "LeapYear", "LeapYear\LeapYear.csproj", "{3933CF33-D7CC-40CB-8355-D3CADF1130DC}"
EndProject
Project("{FAE04EC0-301F-11D3-BF4B-00C04F79EFBC}") = "TriangleSurfaceBySideAndAltitude", "TriangleSurfaceBySideAndAltitude\TriangleSurfaceBySideAndAltitude.csproj", "{C53861A1-EBBE-438E-BAB6-C7C4FDF218C2}"
EndProject
Project("{FAE04EC0-301F-11D3-BF4B-00C04F79EFBC}") = "TriangleSurfaceByThreeSides", "TriangleSurfaceByThreeSides\TriangleSurfaceByThreeSides.csproj", "{D46A6FA3-BD91-40B3-9564-C7510C32D432}"
EndProject
Project("{FAE04EC0-301F-11D3-BF4B-00C04F79EFBC}") = "TriangleSurfaceByTwoSidesAndAngle", "TriangleSurfaceByTwoSidesAndAngle\TriangleSurfaceByTwoSidesAndAngle.csproj", "{A8C3411E-00C1-469E-8716-498BD0C0D285}"
EndProject
Project("{FAE04EC0-301F-11D3-BF4B-00C04F79EFBC}") = "SumIntegers", "SumIntegers\SumIntegers.csproj", "{16944188-1B40-4B49-87F2-A2EB3AE04F4D}"
EndProject
Global
	GlobalSection(SolutionConfigurationPlatforms) = preSolution
		Debug|Any CPU = Debug|Any CPU
		Release|Any CPU = Release|Any CPU
	EndGlobalSection
	GlobalSection(ProjectConfigurationPlatforms) = postSolution
		{3933CF33-D7CC-40CB-8355-D3CADF1130DC}.Debug|Any CPU.ActiveCfg = Debug|Any CPU
		{3933CF33-D7CC-40CB-8355-D3CADF1130DC}.Debug|Any CPU.Build.0 = Debug|Any CPU
		{3933CF33-D7CC-40CB-8355-D3CADF1130DC}.Release|Any CPU.ActiveCfg = Release|Any CPU
		{3933CF33-D7CC-40CB-8355-D3CADF1130DC}.Release|Any CPU.Build.0 = Release|Any CPU
		{C53861A1-EBBE-438E-BAB6-C7C4FDF218C2}.Debug|Any CPU.ActiveCfg = Debug|Any CPU
		{C53861A1-EBBE-438E-BAB6-C7C4FDF218C2}.Debug|Any CPU.Build.0 = Debug|Any CPU
		{C53861A1-EBBE-438E-BAB6-C7C4FDF218C2}.Release|Any CPU.ActiveCfg = Release|Any CPU
		{C53861A1-EBBE-438E-BAB6-C7C4FDF218C2}.Release|Any CPU.Build.0 = Release|Any CPU
		{D46A6FA3-BD91-40B3-9564-C7510C32D432}.Debug|Any CPU.ActiveCfg = Debug|Any CPU
		{D46A6FA3-BD91-40B3-9564-C7510C32D432}.Debug|Any CPU.Build.0 = Debug|Any CPU
		{D46A6FA3-BD91-40B3-9564-C7510C32D432}.Release|Any CPU.ActiveCfg = Release|Any CPU
		{D46A6FA3-BD91-40B3-9564-C7510C32D432}.Release|Any CPU.Build.0 = Release|Any CPU
		{A8C3411E-00C1-469E-8716-498BD0C0D285}.Debug|Any CPU.ActiveCfg = Debug|Any CPU
		{A8C3411E-00C1-469E-8716-498BD0C0D285}.Debug|Any CPU.Build.0 = Debug|Any CPU
		{A8C3411E-00C1-469E-8716-498BD0C0D285}.Release|Any CPU.ActiveCfg = Release|Any CPU
		{A8C3411E-00C1-469E-8716-498BD0C0D285}.Release|Any CPU.Build.0 = Release|Any CPU
		{16944188-1B40-4B49-87F2-A2EB3AE04F4D}.Debug|Any CPU.ActiveCfg = Debug|Any CPU
		{16944188-1B40-4B49-87F2-A2EB3AE04F4D}.Debug|Any CPU.Build.0 = Debug|Any CPU
		{16944188-1B40-4B49-87F2-A2EB3AE04F4D}.Release|Any CPU.ActiveCfg = Release|Any CPU
		{16944188-1B40-4B49-87F2-A2EB3AE04F4D}.Release|Any CPU.Build.0 = Release|Any CPU
	EndGlobalSection
	GlobalSection(SolutionProperties) = preSolution
		HideSolutionNode = FALSE
	EndGlobalSection
EndGlobal
