
Microsoft Visual Studio Solution File, Format Version 12.00
# Visual Studio 14
VisualStudioVersion = 14.0.25420.1
MinimumVisualStudioVersion = 10.0.40219.1
Project("{FAE04EC0-301F-11D3-BF4B-00C04F79EFBC}") = "EventsSystem", "EventsSystem\EventsSystem.csproj", "{D71E18B0-99F5-44F5-8D7A-89572DF4B770}"
EndProject
Project("{FAE04EC0-301F-11D3-BF4B-00C04F79EFBC}") = "Bunnies", "Bunnies\Bunnies.csproj", "{B2067CDD-DE0F-47A4-92C3-288867B847E8}"
EndProject
Global
	GlobalSection(SolutionConfigurationPlatforms) = preSolution
		Debug|Any CPU = Debug|Any CPU
		Release|Any CPU = Release|Any CPU
	EndGlobalSection
	GlobalSection(ProjectConfigurationPlatforms) = postSolution
		{D71E18B0-99F5-44F5-8D7A-89572DF4B770}.Debug|Any CPU.ActiveCfg = Debug|Any CPU
		{D71E18B0-99F5-44F5-8D7A-89572DF4B770}.Debug|Any CPU.Build.0 = Debug|Any CPU
		{D71E18B0-99F5-44F5-8D7A-89572DF4B770}.Release|Any CPU.ActiveCfg = Release|Any CPU
		{D71E18B0-99F5-44F5-8D7A-89572DF4B770}.Release|Any CPU.Build.0 = Release|Any CPU
		{B2067CDD-DE0F-47A4-92C3-288867B847E8}.Debug|Any CPU.ActiveCfg = Debug|Any CPU
		{B2067CDD-DE0F-47A4-92C3-288867B847E8}.Debug|Any CPU.Build.0 = Debug|Any CPU
		{B2067CDD-DE0F-47A4-92C3-288867B847E8}.Release|Any CPU.ActiveCfg = Release|Any CPU
		{B2067CDD-DE0F-47A4-92C3-288867B847E8}.Release|Any CPU.Build.0 = Release|Any CPU
	EndGlobalSection
	GlobalSection(SolutionProperties) = preSolution
		HideSolutionNode = FALSE
	EndGlobalSection
EndGlobal
