
Microsoft Visual Studio Solution File, Format Version 12.00
# Visual Studio 14
VisualStudioVersion = 14.0.25420.1
MinimumVisualStudioVersion = 10.0.40219.1
Project("{FAE04EC0-301F-11D3-BF4B-00C04F79EFBC}") = "Messages", "Messages\Messages.csproj", "{0B1F2D77-2AF5-4D9B-96B2-E651CA3D0403}"
EndProject
Project("{FAE04EC0-301F-11D3-BF4B-00C04F79EFBC}") = "BitShiftMatrix", "BitShiftMatrix\BitShiftMatrix.csproj", "{63077123-0C08-4477-851A-307CBAD47969}"
EndProject
Project("{FAE04EC0-301F-11D3-BF4B-00C04F79EFBC}") = "DecodeAndDecrypt", "DecodeAndDecrypt\DecodeAndDecrypt.csproj", "{5B19C159-21EC-4F36-BEC3-8CF4EF2B0EA8}"
EndProject
Project("{FAE04EC0-301F-11D3-BF4B-00C04F79EFBC}") = "DancingMoves", "DancingMoves\DancingMoves.csproj", "{E2B1EAFB-7770-4FE6-8465-FE1CC6C64691}"
EndProject
Project("{FAE04EC0-301F-11D3-BF4B-00C04F79EFBC}") = "ConsoleApplication1", "ConsoleApplication1\ConsoleApplication1.csproj", "{7E8B5F5B-8E23-4A0D-BDDB-7FA444A4F74C}"
EndProject
Project("{FAE04EC0-301F-11D3-BF4B-00C04F79EFBC}") = "Harry-Potter-4D", "Harry-Potter-4D\Harry-Potter-4D.csproj", "{A3C3EBCA-D056-47F9-BCC5-A337739ADAC5}"
EndProject
Project("{FAE04EC0-301F-11D3-BF4B-00C04F79EFBC}") = "SoupScript", "SoupScript\SoupScript.csproj", "{2258279A-9A6E-4CB6-9A82-173C0F8CAFDA}"
EndProject
Project("{FAE04EC0-301F-11D3-BF4B-00C04F79EFBC}") = "CalculationProblem", "CalculationProblem\CalculationProblem.csproj", "{55FC9F60-09E1-4783-ACD4-D796E85689FC}"
EndProject
Global
	GlobalSection(SolutionConfigurationPlatforms) = preSolution
		Debug|Any CPU = Debug|Any CPU
		Release|Any CPU = Release|Any CPU
	EndGlobalSection
	GlobalSection(ProjectConfigurationPlatforms) = postSolution
		{0B1F2D77-2AF5-4D9B-96B2-E651CA3D0403}.Debug|Any CPU.ActiveCfg = Debug|Any CPU
		{0B1F2D77-2AF5-4D9B-96B2-E651CA3D0403}.Debug|Any CPU.Build.0 = Debug|Any CPU
		{0B1F2D77-2AF5-4D9B-96B2-E651CA3D0403}.Release|Any CPU.ActiveCfg = Release|Any CPU
		{0B1F2D77-2AF5-4D9B-96B2-E651CA3D0403}.Release|Any CPU.Build.0 = Release|Any CPU
		{63077123-0C08-4477-851A-307CBAD47969}.Debug|Any CPU.ActiveCfg = Debug|Any CPU
		{63077123-0C08-4477-851A-307CBAD47969}.Debug|Any CPU.Build.0 = Debug|Any CPU
		{63077123-0C08-4477-851A-307CBAD47969}.Release|Any CPU.ActiveCfg = Release|Any CPU
		{63077123-0C08-4477-851A-307CBAD47969}.Release|Any CPU.Build.0 = Release|Any CPU
		{5B19C159-21EC-4F36-BEC3-8CF4EF2B0EA8}.Debug|Any CPU.ActiveCfg = Debug|Any CPU
		{5B19C159-21EC-4F36-BEC3-8CF4EF2B0EA8}.Debug|Any CPU.Build.0 = Debug|Any CPU
		{5B19C159-21EC-4F36-BEC3-8CF4EF2B0EA8}.Release|Any CPU.ActiveCfg = Release|Any CPU
		{5B19C159-21EC-4F36-BEC3-8CF4EF2B0EA8}.Release|Any CPU.Build.0 = Release|Any CPU
		{E2B1EAFB-7770-4FE6-8465-FE1CC6C64691}.Debug|Any CPU.ActiveCfg = Debug|Any CPU
		{E2B1EAFB-7770-4FE6-8465-FE1CC6C64691}.Debug|Any CPU.Build.0 = Debug|Any CPU
		{E2B1EAFB-7770-4FE6-8465-FE1CC6C64691}.Release|Any CPU.ActiveCfg = Release|Any CPU
		{E2B1EAFB-7770-4FE6-8465-FE1CC6C64691}.Release|Any CPU.Build.0 = Release|Any CPU
		{7E8B5F5B-8E23-4A0D-BDDB-7FA444A4F74C}.Debug|Any CPU.ActiveCfg = Debug|Any CPU
		{7E8B5F5B-8E23-4A0D-BDDB-7FA444A4F74C}.Debug|Any CPU.Build.0 = Debug|Any CPU
		{7E8B5F5B-8E23-4A0D-BDDB-7FA444A4F74C}.Release|Any CPU.ActiveCfg = Release|Any CPU
		{7E8B5F5B-8E23-4A0D-BDDB-7FA444A4F74C}.Release|Any CPU.Build.0 = Release|Any CPU
		{A3C3EBCA-D056-47F9-BCC5-A337739ADAC5}.Debug|Any CPU.ActiveCfg = Debug|Any CPU
		{A3C3EBCA-D056-47F9-BCC5-A337739ADAC5}.Debug|Any CPU.Build.0 = Debug|Any CPU
		{A3C3EBCA-D056-47F9-BCC5-A337739ADAC5}.Release|Any CPU.ActiveCfg = Release|Any CPU
		{A3C3EBCA-D056-47F9-BCC5-A337739ADAC5}.Release|Any CPU.Build.0 = Release|Any CPU
		{2258279A-9A6E-4CB6-9A82-173C0F8CAFDA}.Debug|Any CPU.ActiveCfg = Debug|Any CPU
		{2258279A-9A6E-4CB6-9A82-173C0F8CAFDA}.Debug|Any CPU.Build.0 = Debug|Any CPU
		{2258279A-9A6E-4CB6-9A82-173C0F8CAFDA}.Release|Any CPU.ActiveCfg = Release|Any CPU
		{2258279A-9A6E-4CB6-9A82-173C0F8CAFDA}.Release|Any CPU.Build.0 = Release|Any CPU
		{55FC9F60-09E1-4783-ACD4-D796E85689FC}.Debug|Any CPU.ActiveCfg = Debug|Any CPU
		{55FC9F60-09E1-4783-ACD4-D796E85689FC}.Debug|Any CPU.Build.0 = Debug|Any CPU
		{55FC9F60-09E1-4783-ACD4-D796E85689FC}.Release|Any CPU.ActiveCfg = Release|Any CPU
		{55FC9F60-09E1-4783-ACD4-D796E85689FC}.Release|Any CPU.Build.0 = Release|Any CPU
	EndGlobalSection
	GlobalSection(SolutionProperties) = preSolution
		HideSolutionNode = FALSE
	EndGlobalSection
EndGlobal
